
Microsoft Visual Studio Solution File, Format Version 12.00
# Visual Studio 15
VisualStudioVersion = 15.0.28307.421
MinimumVisualStudioVersion = 10.0.40219.1
Project("{FAE04EC0-301F-11D3-BF4B-00C04F79EFBC}") = "Suyeong.Lib.DB.MsSql", "Suyeong.Lib.DB.MsSql\Suyeong.Lib.DB.MsSql.csproj", "{CFFAA8A2-0B60-4A9B-B79F-CBDC07EBBFB0}"
EndProject
Project("{FAE04EC0-301F-11D3-BF4B-00C04F79EFBC}") = "Suyeong.Lib.DB.MySql", "Suyeong.Lib.DB.MySql\Suyeong.Lib.DB.MySql.csproj", "{9783143C-261C-4755-B195-494F4F8B0B62}"
EndProject
Project("{FAE04EC0-301F-11D3-BF4B-00C04F79EFBC}") = "Suyeong.Lib.DB.Oracle", "Suyeong.Lib.DB.Oracle\Suyeong.Lib.DB.Oracle.csproj", "{13BF1146-A58A-43DE-972A-5ECA6E5E192B}"
EndProject
Project("{FAE04EC0-301F-11D3-BF4B-00C04F79EFBC}") = "Suyeong.Lib.DB.Sqlite", "Suyeong.Lib.DB.Sqlite\Suyeong.Lib.DB.Sqlite.csproj", "{D43F9D21-C430-403A-B7F0-E6A9DB21D51C}"
EndProject
Project("{FAE04EC0-301F-11D3-BF4B-00C04F79EFBC}") = "Suyeong.Lib.Graphic.OpenCV", "Suyeong.Lib.Graphic.OpenCV\Suyeong.Lib.Graphic.OpenCV.csproj", "{51367627-C72A-42AF-B7DB-E1EBA77D5DDA}"
EndProject
Project("{FAE04EC0-301F-11D3-BF4B-00C04F79EFBC}") = "Suyeong.Lib.Net.Ftp", "Suyeong.Lib.Net.Ftp\Suyeong.Lib.Net.Ftp.csproj", "{D8203D3F-F4B7-4A3A-B9B3-57D3D29A6FDB}"
EndProject
Project("{FAE04EC0-301F-11D3-BF4B-00C04F79EFBC}") = "Suyeong.Lib.Net.Tcp", "Suyeong.Lib.Net.Tcp\Suyeong.Lib.Net.Tcp.csproj", "{BF537ACB-616B-44DC-AA2E-0B506B627F9A}"
EndProject
Project("{FAE04EC0-301F-11D3-BF4B-00C04F79EFBC}") = "Suyeong.Lib.Net.Udp", "Suyeong.Lib.Net.Udp\Suyeong.Lib.Net.Udp.csproj", "{D2170562-B5D4-4FD8-AE03-E8363440808D}"
EndProject
Project("{FAE04EC0-301F-11D3-BF4B-00C04F79EFBC}") = "Suyeong.Lib.Util", "Suyeong.Lib.Util\Suyeong.Lib.Util.csproj", "{F1049D81-A42A-4566-BEC3-10677A283009}"
EndProject
Project("{FAE04EC0-301F-11D3-BF4B-00C04F79EFBC}") = "Suyeong.Lib.Doc.InteropWord", "Suyeong.Lib.Doc.InteropWord\Suyeong.Lib.Doc.InteropWord.csproj", "{A9409075-681F-42B7-B80C-E0D3F84D9B88}"
EndProject
Project("{FAE04EC0-301F-11D3-BF4B-00C04F79EFBC}") = "Suyeong.Lib.Doc.InteropExcel", "Suyeong.Lib.Doc.InteropExcel\Suyeong.Lib.Doc.InteropExcel.csproj", "{33EBBBB5-E967-4B2C-9F13-599158606C48}"
EndProject
Project("{FAE04EC0-301F-11D3-BF4B-00C04F79EFBC}") = "Suyeong.Lib.Doc.InteropPowerPoint", "Suyeong.Lib.Doc.InteropPowerPoint\Suyeong.Lib.Doc.InteropPowerPoint.csproj", "{0BADE022-0D17-4258-880B-85C9FF81EF6A}"
EndProject
Project("{FAE04EC0-301F-11D3-BF4B-00C04F79EFBC}") = "Suyeong.Lib.Doc.OleDbExcel", "Suyeong.Lib.Doc.OleDbExcel\Suyeong.Lib.Doc.OleDbExcel.csproj", "{D6CC95F1-CD1C-4987-B138-9C9FBF700631}"
EndProject
Project("{FAE04EC0-301F-11D3-BF4B-00C04F79EFBC}") = "Suyeong.Lib.Doc.Pdf", "Suyeong.Lib.Doc.Pdf\Suyeong.Lib.Doc.Pdf.csproj", "{219DCFE9-10C8-48D4-B458-C3E17EA5AD8E}"
EndProject
Global
	GlobalSection(SolutionConfigurationPlatforms) = preSolution
		Debug|Any CPU = Debug|Any CPU
		Release|Any CPU = Release|Any CPU
	EndGlobalSection
	GlobalSection(ProjectConfigurationPlatforms) = postSolution
		{CFFAA8A2-0B60-4A9B-B79F-CBDC07EBBFB0}.Debug|Any CPU.ActiveCfg = Debug|Any CPU
		{CFFAA8A2-0B60-4A9B-B79F-CBDC07EBBFB0}.Debug|Any CPU.Build.0 = Debug|Any CPU
		{CFFAA8A2-0B60-4A9B-B79F-CBDC07EBBFB0}.Release|Any CPU.ActiveCfg = Release|Any CPU
		{CFFAA8A2-0B60-4A9B-B79F-CBDC07EBBFB0}.Release|Any CPU.Build.0 = Release|Any CPU
		{9783143C-261C-4755-B195-494F4F8B0B62}.Debug|Any CPU.ActiveCfg = Debug|Any CPU
		{9783143C-261C-4755-B195-494F4F8B0B62}.Debug|Any CPU.Build.0 = Debug|Any CPU
		{9783143C-261C-4755-B195-494F4F8B0B62}.Release|Any CPU.ActiveCfg = Release|Any CPU
		{9783143C-261C-4755-B195-494F4F8B0B62}.Release|Any CPU.Build.0 = Release|Any CPU
		{13BF1146-A58A-43DE-972A-5ECA6E5E192B}.Debug|Any CPU.ActiveCfg = Debug|Any CPU
		{13BF1146-A58A-43DE-972A-5ECA6E5E192B}.Debug|Any CPU.Build.0 = Debug|Any CPU
		{13BF1146-A58A-43DE-972A-5ECA6E5E192B}.Release|Any CPU.ActiveCfg = Release|Any CPU
		{13BF1146-A58A-43DE-972A-5ECA6E5E192B}.Release|Any CPU.Build.0 = Release|Any CPU
		{D43F9D21-C430-403A-B7F0-E6A9DB21D51C}.Debug|Any CPU.ActiveCfg = Debug|Any CPU
		{D43F9D21-C430-403A-B7F0-E6A9DB21D51C}.Debug|Any CPU.Build.0 = Debug|Any CPU
		{D43F9D21-C430-403A-B7F0-E6A9DB21D51C}.Release|Any CPU.ActiveCfg = Release|Any CPU
		{D43F9D21-C430-403A-B7F0-E6A9DB21D51C}.Release|Any CPU.Build.0 = Release|Any CPU
		{51367627-C72A-42AF-B7DB-E1EBA77D5DDA}.Debug|Any CPU.ActiveCfg = Debug|Any CPU
		{51367627-C72A-42AF-B7DB-E1EBA77D5DDA}.Debug|Any CPU.Build.0 = Debug|Any CPU
		{51367627-C72A-42AF-B7DB-E1EBA77D5DDA}.Release|Any CPU.ActiveCfg = Release|Any CPU
		{51367627-C72A-42AF-B7DB-E1EBA77D5DDA}.Release|Any CPU.Build.0 = Release|Any CPU
		{D8203D3F-F4B7-4A3A-B9B3-57D3D29A6FDB}.Debug|Any CPU.ActiveCfg = Debug|Any CPU
		{D8203D3F-F4B7-4A3A-B9B3-57D3D29A6FDB}.Debug|Any CPU.Build.0 = Debug|Any CPU
		{D8203D3F-F4B7-4A3A-B9B3-57D3D29A6FDB}.Release|Any CPU.ActiveCfg = Release|Any CPU
		{D8203D3F-F4B7-4A3A-B9B3-57D3D29A6FDB}.Release|Any CPU.Build.0 = Release|Any CPU
		{BF537ACB-616B-44DC-AA2E-0B506B627F9A}.Debug|Any CPU.ActiveCfg = Debug|Any CPU
		{BF537ACB-616B-44DC-AA2E-0B506B627F9A}.Debug|Any CPU.Build.0 = Debug|Any CPU
		{BF537ACB-616B-44DC-AA2E-0B506B627F9A}.Release|Any CPU.ActiveCfg = Release|Any CPU
		{BF537ACB-616B-44DC-AA2E-0B506B627F9A}.Release|Any CPU.Build.0 = Release|Any CPU
		{D2170562-B5D4-4FD8-AE03-E8363440808D}.Debug|Any CPU.ActiveCfg = Debug|Any CPU
		{D2170562-B5D4-4FD8-AE03-E8363440808D}.Debug|Any CPU.Build.0 = Debug|Any CPU
		{D2170562-B5D4-4FD8-AE03-E8363440808D}.Release|Any CPU.ActiveCfg = Release|Any CPU
		{D2170562-B5D4-4FD8-AE03-E8363440808D}.Release|Any CPU.Build.0 = Release|Any CPU
		{F1049D81-A42A-4566-BEC3-10677A283009}.Debug|Any CPU.ActiveCfg = Debug|Any CPU
		{F1049D81-A42A-4566-BEC3-10677A283009}.Debug|Any CPU.Build.0 = Debug|Any CPU
		{F1049D81-A42A-4566-BEC3-10677A283009}.Release|Any CPU.ActiveCfg = Release|Any CPU
		{F1049D81-A42A-4566-BEC3-10677A283009}.Release|Any CPU.Build.0 = Release|Any CPU
		{A9409075-681F-42B7-B80C-E0D3F84D9B88}.Debug|Any CPU.ActiveCfg = Debug|Any CPU
		{A9409075-681F-42B7-B80C-E0D3F84D9B88}.Debug|Any CPU.Build.0 = Debug|Any CPU
		{A9409075-681F-42B7-B80C-E0D3F84D9B88}.Release|Any CPU.ActiveCfg = Release|Any CPU
		{A9409075-681F-42B7-B80C-E0D3F84D9B88}.Release|Any CPU.Build.0 = Release|Any CPU
		{33EBBBB5-E967-4B2C-9F13-599158606C48}.Debug|Any CPU.ActiveCfg = Debug|Any CPU
		{33EBBBB5-E967-4B2C-9F13-599158606C48}.Debug|Any CPU.Build.0 = Debug|Any CPU
		{33EBBBB5-E967-4B2C-9F13-599158606C48}.Release|Any CPU.ActiveCfg = Release|Any CPU
		{33EBBBB5-E967-4B2C-9F13-599158606C48}.Release|Any CPU.Build.0 = Release|Any CPU
		{0BADE022-0D17-4258-880B-85C9FF81EF6A}.Debug|Any CPU.ActiveCfg = Debug|Any CPU
		{0BADE022-0D17-4258-880B-85C9FF81EF6A}.Debug|Any CPU.Build.0 = Debug|Any CPU
		{0BADE022-0D17-4258-880B-85C9FF81EF6A}.Release|Any CPU.ActiveCfg = Release|Any CPU
		{0BADE022-0D17-4258-880B-85C9FF81EF6A}.Release|Any CPU.Build.0 = Release|Any CPU
		{D6CC95F1-CD1C-4987-B138-9C9FBF700631}.Debug|Any CPU.ActiveCfg = Debug|Any CPU
		{D6CC95F1-CD1C-4987-B138-9C9FBF700631}.Debug|Any CPU.Build.0 = Debug|Any CPU
		{D6CC95F1-CD1C-4987-B138-9C9FBF700631}.Release|Any CPU.ActiveCfg = Release|Any CPU
		{D6CC95F1-CD1C-4987-B138-9C9FBF700631}.Release|Any CPU.Build.0 = Release|Any CPU
		{219DCFE9-10C8-48D4-B458-C3E17EA5AD8E}.Debug|Any CPU.ActiveCfg = Debug|Any CPU
		{219DCFE9-10C8-48D4-B458-C3E17EA5AD8E}.Debug|Any CPU.Build.0 = Debug|Any CPU
		{219DCFE9-10C8-48D4-B458-C3E17EA5AD8E}.Release|Any CPU.ActiveCfg = Release|Any CPU
		{219DCFE9-10C8-48D4-B458-C3E17EA5AD8E}.Release|Any CPU.Build.0 = Release|Any CPU
	EndGlobalSection
	GlobalSection(SolutionProperties) = preSolution
		HideSolutionNode = FALSE
	EndGlobalSection
	GlobalSection(ExtensibilityGlobals) = postSolution
		SolutionGuid = {8CA1ED83-D11C-400E-8059-36E3E768C3B7}
	EndGlobalSection
EndGlobal
