
Microsoft Visual Studio Solution File, Format Version 12.00
# Visual Studio Version 16
VisualStudioVersion = 16.0.30503.244
MinimumVisualStudioVersion = 10.0.40219.1
Project("{9A19103F-16F7-4668-BE54-9A1E7A4F7556}") = "Suyeong.Lib.Net.Tcp", "Suyeong.Lib.Net.Tcp\Suyeong.Lib.Net.Tcp.csproj", "{6AD1D310-64CD-431C-8F8E-5C1ECD90F13D}"
EndProject
Project("{9A19103F-16F7-4668-BE54-9A1E7A4F7556}") = "Suyeong.Lib.Net.Udp", "Suyeong.Lib.Net.Udp\Suyeong.Lib.Net.Udp.csproj", "{3C33FD9B-08B9-45C1-AEF4-03276DDD001B}"
EndProject
Project("{9A19103F-16F7-4668-BE54-9A1E7A4F7556}") = "Suyeong.Lib.Net.Ftp", "Suyeong.Lib.Net.Ftp\Suyeong.Lib.Net.Ftp.csproj", "{BD014911-A423-4A20-827B-E8E46366F31D}"
EndProject
Project("{9A19103F-16F7-4668-BE54-9A1E7A4F7556}") = "Suyeong.Lib.DB.MsSql", "Suyeong.Lib.DB.MsSql\Suyeong.Lib.DB.MsSql.csproj", "{A8D710B7-0DC8-4105-B3BE-040B61088F1B}"
EndProject
Project("{9A19103F-16F7-4668-BE54-9A1E7A4F7556}") = "Suyeong.Lib.DB.MySql", "Suyeong.Lib.DB.MySql\Suyeong.Lib.DB.MySql.csproj", "{E9124B21-05A3-4636-9215-FBF80A3B7738}"
EndProject
Project("{9A19103F-16F7-4668-BE54-9A1E7A4F7556}") = "Suyeong.Lib.DB.Oracle", "Suyeong.Lib.DB.Oracle\Suyeong.Lib.DB.Oracle.csproj", "{C2FAA19C-C297-41FC-94C0-0E5638291008}"
EndProject
Project("{9A19103F-16F7-4668-BE54-9A1E7A4F7556}") = "Suyeong.Lib.DB.Sqlite", "Suyeong.Lib.DB.Sqlite\Suyeong.Lib.DB.Sqlite.csproj", "{76F4228D-101D-43D8-A97A-19C691C18165}"
EndProject
Project("{9A19103F-16F7-4668-BE54-9A1E7A4F7556}") = "Suyeong.Lib.Google.Translate", "Suyeong.Lib.Google.Translate\Suyeong.Lib.Google.Translate.csproj", "{489395FB-C54A-4B31-9A8F-AF61C2770DBC}"
EndProject
Project("{9A19103F-16F7-4668-BE54-9A1E7A4F7556}") = "Suyeong.Lib.GoogleVision.OCR", "Suyeong.Lib.GoogleVision.OCR\Suyeong.Lib.GoogleVision.OCR.csproj", "{4874DCB9-5AC2-45E0-B7CA-B801629978D3}"
EndProject
Project("{9A19103F-16F7-4668-BE54-9A1E7A4F7556}") = "Suyeong.Lib.GoogleVision.Translate", "Suyeong.Lib.GoogleVision.Translate\Suyeong.Lib.GoogleVision.Translate.csproj", "{9800CE44-1C9A-4EAF-9245-72C728E0DFFD}"
EndProject
Project("{9A19103F-16F7-4668-BE54-9A1E7A4F7556}") = "Suyeong.Lib.Util", "Suyeong.Lib.Util\Suyeong.Lib.Util.csproj", "{BBF6AE91-2E56-4539-889B-2F0B611B11AE}"
EndProject
Project("{9A19103F-16F7-4668-BE54-9A1E7A4F7556}") = "Suyeong.Lib.Net.Shared", "Suyeong.Lib.Net.Shared\Suyeong.Lib.Net.Shared.csproj", "{61AAE817-5665-45A5-8E25-ECE1C57C742F}"
EndProject
Project("{2150E333-8FDC-42A3-9474-1A3956D46DE8}") = "Database", "Database", "{82601B27-3D6A-4FE2-9F4C-EF2A23D6FC5D}"
EndProject
Project("{2150E333-8FDC-42A3-9474-1A3956D46DE8}") = "Util", "Util", "{00C99A0D-7DB6-49C4-A687-ED64052A4417}"
EndProject
Project("{2150E333-8FDC-42A3-9474-1A3956D46DE8}") = "Google", "Google", "{019AF0F3-93DC-4E94-979F-3D6FF0552DC0}"
EndProject
Project("{2150E333-8FDC-42A3-9474-1A3956D46DE8}") = "Network", "Network", "{F3175183-A4C8-424B-9C7C-139DC7C3D163}"
EndProject
Project("{FAE04EC0-301F-11D3-BF4B-00C04F79EFBC}") = "Suyeong.Lib.Google.Shared", "Suyeong.Lib.Google.Shared\Suyeong.Lib.Google.Shared.csproj", "{7E840711-C9EF-4802-9B31-95F7DD11B31E}"
EndProject
Global
	GlobalSection(SolutionConfigurationPlatforms) = preSolution
		Debug|Any CPU = Debug|Any CPU
		Debug|x64 = Debug|x64
		Debug|x86 = Debug|x86
		Release|Any CPU = Release|Any CPU
		Release|x64 = Release|x64
		Release|x86 = Release|x86
	EndGlobalSection
	GlobalSection(ProjectConfigurationPlatforms) = postSolution
		{6AD1D310-64CD-431C-8F8E-5C1ECD90F13D}.Debug|Any CPU.ActiveCfg = Debug|Any CPU
		{6AD1D310-64CD-431C-8F8E-5C1ECD90F13D}.Debug|Any CPU.Build.0 = Debug|Any CPU
		{6AD1D310-64CD-431C-8F8E-5C1ECD90F13D}.Debug|x64.ActiveCfg = Debug|Any CPU
		{6AD1D310-64CD-431C-8F8E-5C1ECD90F13D}.Debug|x64.Build.0 = Debug|Any CPU
		{6AD1D310-64CD-431C-8F8E-5C1ECD90F13D}.Debug|x86.ActiveCfg = Debug|Any CPU
		{6AD1D310-64CD-431C-8F8E-5C1ECD90F13D}.Debug|x86.Build.0 = Debug|Any CPU
		{6AD1D310-64CD-431C-8F8E-5C1ECD90F13D}.Release|Any CPU.ActiveCfg = Release|Any CPU
		{6AD1D310-64CD-431C-8F8E-5C1ECD90F13D}.Release|Any CPU.Build.0 = Release|Any CPU
		{6AD1D310-64CD-431C-8F8E-5C1ECD90F13D}.Release|x64.ActiveCfg = Release|Any CPU
		{6AD1D310-64CD-431C-8F8E-5C1ECD90F13D}.Release|x64.Build.0 = Release|Any CPU
		{6AD1D310-64CD-431C-8F8E-5C1ECD90F13D}.Release|x86.ActiveCfg = Release|Any CPU
		{6AD1D310-64CD-431C-8F8E-5C1ECD90F13D}.Release|x86.Build.0 = Release|Any CPU
		{3C33FD9B-08B9-45C1-AEF4-03276DDD001B}.Debug|Any CPU.ActiveCfg = Debug|Any CPU
		{3C33FD9B-08B9-45C1-AEF4-03276DDD001B}.Debug|Any CPU.Build.0 = Debug|Any CPU
		{3C33FD9B-08B9-45C1-AEF4-03276DDD001B}.Debug|x64.ActiveCfg = Debug|Any CPU
		{3C33FD9B-08B9-45C1-AEF4-03276DDD001B}.Debug|x64.Build.0 = Debug|Any CPU
		{3C33FD9B-08B9-45C1-AEF4-03276DDD001B}.Debug|x86.ActiveCfg = Debug|Any CPU
		{3C33FD9B-08B9-45C1-AEF4-03276DDD001B}.Debug|x86.Build.0 = Debug|Any CPU
		{3C33FD9B-08B9-45C1-AEF4-03276DDD001B}.Release|Any CPU.ActiveCfg = Release|Any CPU
		{3C33FD9B-08B9-45C1-AEF4-03276DDD001B}.Release|Any CPU.Build.0 = Release|Any CPU
		{3C33FD9B-08B9-45C1-AEF4-03276DDD001B}.Release|x64.ActiveCfg = Release|Any CPU
		{3C33FD9B-08B9-45C1-AEF4-03276DDD001B}.Release|x64.Build.0 = Release|Any CPU
		{3C33FD9B-08B9-45C1-AEF4-03276DDD001B}.Release|x86.ActiveCfg = Release|Any CPU
		{3C33FD9B-08B9-45C1-AEF4-03276DDD001B}.Release|x86.Build.0 = Release|Any CPU
		{BD014911-A423-4A20-827B-E8E46366F31D}.Debug|Any CPU.ActiveCfg = Debug|Any CPU
		{BD014911-A423-4A20-827B-E8E46366F31D}.Debug|Any CPU.Build.0 = Debug|Any CPU
		{BD014911-A423-4A20-827B-E8E46366F31D}.Debug|x64.ActiveCfg = Debug|Any CPU
		{BD014911-A423-4A20-827B-E8E46366F31D}.Debug|x64.Build.0 = Debug|Any CPU
		{BD014911-A423-4A20-827B-E8E46366F31D}.Debug|x86.ActiveCfg = Debug|Any CPU
		{BD014911-A423-4A20-827B-E8E46366F31D}.Debug|x86.Build.0 = Debug|Any CPU
		{BD014911-A423-4A20-827B-E8E46366F31D}.Release|Any CPU.ActiveCfg = Release|Any CPU
		{BD014911-A423-4A20-827B-E8E46366F31D}.Release|Any CPU.Build.0 = Release|Any CPU
		{BD014911-A423-4A20-827B-E8E46366F31D}.Release|x64.ActiveCfg = Release|Any CPU
		{BD014911-A423-4A20-827B-E8E46366F31D}.Release|x64.Build.0 = Release|Any CPU
		{BD014911-A423-4A20-827B-E8E46366F31D}.Release|x86.ActiveCfg = Release|Any CPU
		{BD014911-A423-4A20-827B-E8E46366F31D}.Release|x86.Build.0 = Release|Any CPU
		{A8D710B7-0DC8-4105-B3BE-040B61088F1B}.Debug|Any CPU.ActiveCfg = Debug|Any CPU
		{A8D710B7-0DC8-4105-B3BE-040B61088F1B}.Debug|Any CPU.Build.0 = Debug|Any CPU
		{A8D710B7-0DC8-4105-B3BE-040B61088F1B}.Debug|x64.ActiveCfg = Debug|Any CPU
		{A8D710B7-0DC8-4105-B3BE-040B61088F1B}.Debug|x64.Build.0 = Debug|Any CPU
		{A8D710B7-0DC8-4105-B3BE-040B61088F1B}.Debug|x86.ActiveCfg = Debug|Any CPU
		{A8D710B7-0DC8-4105-B3BE-040B61088F1B}.Debug|x86.Build.0 = Debug|Any CPU
		{A8D710B7-0DC8-4105-B3BE-040B61088F1B}.Release|Any CPU.ActiveCfg = Release|Any CPU
		{A8D710B7-0DC8-4105-B3BE-040B61088F1B}.Release|Any CPU.Build.0 = Release|Any CPU
		{A8D710B7-0DC8-4105-B3BE-040B61088F1B}.Release|x64.ActiveCfg = Release|Any CPU
		{A8D710B7-0DC8-4105-B3BE-040B61088F1B}.Release|x64.Build.0 = Release|Any CPU
		{A8D710B7-0DC8-4105-B3BE-040B61088F1B}.Release|x86.ActiveCfg = Release|Any CPU
		{A8D710B7-0DC8-4105-B3BE-040B61088F1B}.Release|x86.Build.0 = Release|Any CPU
		{E9124B21-05A3-4636-9215-FBF80A3B7738}.Debug|Any CPU.ActiveCfg = Debug|Any CPU
		{E9124B21-05A3-4636-9215-FBF80A3B7738}.Debug|Any CPU.Build.0 = Debug|Any CPU
		{E9124B21-05A3-4636-9215-FBF80A3B7738}.Debug|x64.ActiveCfg = Debug|Any CPU
		{E9124B21-05A3-4636-9215-FBF80A3B7738}.Debug|x64.Build.0 = Debug|Any CPU
		{E9124B21-05A3-4636-9215-FBF80A3B7738}.Debug|x86.ActiveCfg = Debug|Any CPU
		{E9124B21-05A3-4636-9215-FBF80A3B7738}.Debug|x86.Build.0 = Debug|Any CPU
		{E9124B21-05A3-4636-9215-FBF80A3B7738}.Release|Any CPU.ActiveCfg = Release|Any CPU
		{E9124B21-05A3-4636-9215-FBF80A3B7738}.Release|Any CPU.Build.0 = Release|Any CPU
		{E9124B21-05A3-4636-9215-FBF80A3B7738}.Release|x64.ActiveCfg = Release|Any CPU
		{E9124B21-05A3-4636-9215-FBF80A3B7738}.Release|x64.Build.0 = Release|Any CPU
		{E9124B21-05A3-4636-9215-FBF80A3B7738}.Release|x86.ActiveCfg = Release|Any CPU
		{E9124B21-05A3-4636-9215-FBF80A3B7738}.Release|x86.Build.0 = Release|Any CPU
		{C2FAA19C-C297-41FC-94C0-0E5638291008}.Debug|Any CPU.ActiveCfg = Debug|Any CPU
		{C2FAA19C-C297-41FC-94C0-0E5638291008}.Debug|Any CPU.Build.0 = Debug|Any CPU
		{C2FAA19C-C297-41FC-94C0-0E5638291008}.Debug|x64.ActiveCfg = Debug|Any CPU
		{C2FAA19C-C297-41FC-94C0-0E5638291008}.Debug|x64.Build.0 = Debug|Any CPU
		{C2FAA19C-C297-41FC-94C0-0E5638291008}.Debug|x86.ActiveCfg = Debug|Any CPU
		{C2FAA19C-C297-41FC-94C0-0E5638291008}.Debug|x86.Build.0 = Debug|Any CPU
		{C2FAA19C-C297-41FC-94C0-0E5638291008}.Release|Any CPU.ActiveCfg = Release|Any CPU
		{C2FAA19C-C297-41FC-94C0-0E5638291008}.Release|Any CPU.Build.0 = Release|Any CPU
		{C2FAA19C-C297-41FC-94C0-0E5638291008}.Release|x64.ActiveCfg = Release|Any CPU
		{C2FAA19C-C297-41FC-94C0-0E5638291008}.Release|x64.Build.0 = Release|Any CPU
		{C2FAA19C-C297-41FC-94C0-0E5638291008}.Release|x86.ActiveCfg = Release|Any CPU
		{C2FAA19C-C297-41FC-94C0-0E5638291008}.Release|x86.Build.0 = Release|Any CPU
		{76F4228D-101D-43D8-A97A-19C691C18165}.Debug|Any CPU.ActiveCfg = Debug|Any CPU
		{76F4228D-101D-43D8-A97A-19C691C18165}.Debug|Any CPU.Build.0 = Debug|Any CPU
		{76F4228D-101D-43D8-A97A-19C691C18165}.Debug|x64.ActiveCfg = Debug|Any CPU
		{76F4228D-101D-43D8-A97A-19C691C18165}.Debug|x64.Build.0 = Debug|Any CPU
		{76F4228D-101D-43D8-A97A-19C691C18165}.Debug|x86.ActiveCfg = Debug|Any CPU
		{76F4228D-101D-43D8-A97A-19C691C18165}.Debug|x86.Build.0 = Debug|Any CPU
		{76F4228D-101D-43D8-A97A-19C691C18165}.Release|Any CPU.ActiveCfg = Release|Any CPU
		{76F4228D-101D-43D8-A97A-19C691C18165}.Release|Any CPU.Build.0 = Release|Any CPU
		{76F4228D-101D-43D8-A97A-19C691C18165}.Release|x64.ActiveCfg = Release|Any CPU
		{76F4228D-101D-43D8-A97A-19C691C18165}.Release|x64.Build.0 = Release|Any CPU
		{76F4228D-101D-43D8-A97A-19C691C18165}.Release|x86.ActiveCfg = Release|Any CPU
		{76F4228D-101D-43D8-A97A-19C691C18165}.Release|x86.Build.0 = Release|Any CPU
		{489395FB-C54A-4B31-9A8F-AF61C2770DBC}.Debug|Any CPU.ActiveCfg = Debug|Any CPU
		{489395FB-C54A-4B31-9A8F-AF61C2770DBC}.Debug|Any CPU.Build.0 = Debug|Any CPU
		{489395FB-C54A-4B31-9A8F-AF61C2770DBC}.Debug|x64.ActiveCfg = Debug|Any CPU
		{489395FB-C54A-4B31-9A8F-AF61C2770DBC}.Debug|x64.Build.0 = Debug|Any CPU
		{489395FB-C54A-4B31-9A8F-AF61C2770DBC}.Debug|x86.ActiveCfg = Debug|Any CPU
		{489395FB-C54A-4B31-9A8F-AF61C2770DBC}.Debug|x86.Build.0 = Debug|Any CPU
		{489395FB-C54A-4B31-9A8F-AF61C2770DBC}.Release|Any CPU.ActiveCfg = Release|Any CPU
		{489395FB-C54A-4B31-9A8F-AF61C2770DBC}.Release|Any CPU.Build.0 = Release|Any CPU
		{489395FB-C54A-4B31-9A8F-AF61C2770DBC}.Release|x64.ActiveCfg = Release|Any CPU
		{489395FB-C54A-4B31-9A8F-AF61C2770DBC}.Release|x64.Build.0 = Release|Any CPU
		{489395FB-C54A-4B31-9A8F-AF61C2770DBC}.Release|x86.ActiveCfg = Release|Any CPU
		{489395FB-C54A-4B31-9A8F-AF61C2770DBC}.Release|x86.Build.0 = Release|Any CPU
		{4874DCB9-5AC2-45E0-B7CA-B801629978D3}.Debug|Any CPU.ActiveCfg = Debug|Any CPU
		{4874DCB9-5AC2-45E0-B7CA-B801629978D3}.Debug|Any CPU.Build.0 = Debug|Any CPU
		{4874DCB9-5AC2-45E0-B7CA-B801629978D3}.Debug|x64.ActiveCfg = Debug|Any CPU
		{4874DCB9-5AC2-45E0-B7CA-B801629978D3}.Debug|x64.Build.0 = Debug|Any CPU
		{4874DCB9-5AC2-45E0-B7CA-B801629978D3}.Debug|x86.ActiveCfg = Debug|Any CPU
		{4874DCB9-5AC2-45E0-B7CA-B801629978D3}.Debug|x86.Build.0 = Debug|Any CPU
		{4874DCB9-5AC2-45E0-B7CA-B801629978D3}.Release|Any CPU.ActiveCfg = Release|Any CPU
		{4874DCB9-5AC2-45E0-B7CA-B801629978D3}.Release|Any CPU.Build.0 = Release|Any CPU
		{4874DCB9-5AC2-45E0-B7CA-B801629978D3}.Release|x64.ActiveCfg = Release|Any CPU
		{4874DCB9-5AC2-45E0-B7CA-B801629978D3}.Release|x64.Build.0 = Release|Any CPU
		{4874DCB9-5AC2-45E0-B7CA-B801629978D3}.Release|x86.ActiveCfg = Release|Any CPU
		{4874DCB9-5AC2-45E0-B7CA-B801629978D3}.Release|x86.Build.0 = Release|Any CPU
		{9800CE44-1C9A-4EAF-9245-72C728E0DFFD}.Debug|Any CPU.ActiveCfg = Debug|Any CPU
		{9800CE44-1C9A-4EAF-9245-72C728E0DFFD}.Debug|Any CPU.Build.0 = Debug|Any CPU
		{9800CE44-1C9A-4EAF-9245-72C728E0DFFD}.Debug|x64.ActiveCfg = Debug|Any CPU
		{9800CE44-1C9A-4EAF-9245-72C728E0DFFD}.Debug|x64.Build.0 = Debug|Any CPU
		{9800CE44-1C9A-4EAF-9245-72C728E0DFFD}.Debug|x86.ActiveCfg = Debug|Any CPU
		{9800CE44-1C9A-4EAF-9245-72C728E0DFFD}.Debug|x86.Build.0 = Debug|Any CPU
		{9800CE44-1C9A-4EAF-9245-72C728E0DFFD}.Release|Any CPU.ActiveCfg = Release|Any CPU
		{9800CE44-1C9A-4EAF-9245-72C728E0DFFD}.Release|Any CPU.Build.0 = Release|Any CPU
		{9800CE44-1C9A-4EAF-9245-72C728E0DFFD}.Release|x64.ActiveCfg = Release|Any CPU
		{9800CE44-1C9A-4EAF-9245-72C728E0DFFD}.Release|x64.Build.0 = Release|Any CPU
		{9800CE44-1C9A-4EAF-9245-72C728E0DFFD}.Release|x86.ActiveCfg = Release|Any CPU
		{9800CE44-1C9A-4EAF-9245-72C728E0DFFD}.Release|x86.Build.0 = Release|Any CPU
		{BBF6AE91-2E56-4539-889B-2F0B611B11AE}.Debug|Any CPU.ActiveCfg = Debug|Any CPU
		{BBF6AE91-2E56-4539-889B-2F0B611B11AE}.Debug|Any CPU.Build.0 = Debug|Any CPU
		{BBF6AE91-2E56-4539-889B-2F0B611B11AE}.Debug|x64.ActiveCfg = Debug|Any CPU
		{BBF6AE91-2E56-4539-889B-2F0B611B11AE}.Debug|x64.Build.0 = Debug|Any CPU
		{BBF6AE91-2E56-4539-889B-2F0B611B11AE}.Debug|x86.ActiveCfg = Debug|Any CPU
		{BBF6AE91-2E56-4539-889B-2F0B611B11AE}.Debug|x86.Build.0 = Debug|Any CPU
		{BBF6AE91-2E56-4539-889B-2F0B611B11AE}.Release|Any CPU.ActiveCfg = Release|Any CPU
		{BBF6AE91-2E56-4539-889B-2F0B611B11AE}.Release|Any CPU.Build.0 = Release|Any CPU
		{BBF6AE91-2E56-4539-889B-2F0B611B11AE}.Release|x64.ActiveCfg = Release|Any CPU
		{BBF6AE91-2E56-4539-889B-2F0B611B11AE}.Release|x64.Build.0 = Release|Any CPU
		{BBF6AE91-2E56-4539-889B-2F0B611B11AE}.Release|x86.ActiveCfg = Release|Any CPU
		{BBF6AE91-2E56-4539-889B-2F0B611B11AE}.Release|x86.Build.0 = Release|Any CPU
		{61AAE817-5665-45A5-8E25-ECE1C57C742F}.Debug|Any CPU.ActiveCfg = Debug|Any CPU
		{61AAE817-5665-45A5-8E25-ECE1C57C742F}.Debug|Any CPU.Build.0 = Debug|Any CPU
		{61AAE817-5665-45A5-8E25-ECE1C57C742F}.Debug|x64.ActiveCfg = Debug|Any CPU
		{61AAE817-5665-45A5-8E25-ECE1C57C742F}.Debug|x64.Build.0 = Debug|Any CPU
		{61AAE817-5665-45A5-8E25-ECE1C57C742F}.Debug|x86.ActiveCfg = Debug|Any CPU
		{61AAE817-5665-45A5-8E25-ECE1C57C742F}.Debug|x86.Build.0 = Debug|Any CPU
		{61AAE817-5665-45A5-8E25-ECE1C57C742F}.Release|Any CPU.ActiveCfg = Release|Any CPU
		{61AAE817-5665-45A5-8E25-ECE1C57C742F}.Release|Any CPU.Build.0 = Release|Any CPU
		{61AAE817-5665-45A5-8E25-ECE1C57C742F}.Release|x64.ActiveCfg = Release|Any CPU
		{61AAE817-5665-45A5-8E25-ECE1C57C742F}.Release|x64.Build.0 = Release|Any CPU
		{61AAE817-5665-45A5-8E25-ECE1C57C742F}.Release|x86.ActiveCfg = Release|Any CPU
		{61AAE817-5665-45A5-8E25-ECE1C57C742F}.Release|x86.Build.0 = Release|Any CPU
		{7E840711-C9EF-4802-9B31-95F7DD11B31E}.Debug|Any CPU.ActiveCfg = Debug|Any CPU
		{7E840711-C9EF-4802-9B31-95F7DD11B31E}.Debug|Any CPU.Build.0 = Debug|Any CPU
		{7E840711-C9EF-4802-9B31-95F7DD11B31E}.Debug|x64.ActiveCfg = Debug|Any CPU
		{7E840711-C9EF-4802-9B31-95F7DD11B31E}.Debug|x64.Build.0 = Debug|Any CPU
		{7E840711-C9EF-4802-9B31-95F7DD11B31E}.Debug|x86.ActiveCfg = Debug|Any CPU
		{7E840711-C9EF-4802-9B31-95F7DD11B31E}.Debug|x86.Build.0 = Debug|Any CPU
		{7E840711-C9EF-4802-9B31-95F7DD11B31E}.Release|Any CPU.ActiveCfg = Release|Any CPU
		{7E840711-C9EF-4802-9B31-95F7DD11B31E}.Release|Any CPU.Build.0 = Release|Any CPU
		{7E840711-C9EF-4802-9B31-95F7DD11B31E}.Release|x64.ActiveCfg = Release|Any CPU
		{7E840711-C9EF-4802-9B31-95F7DD11B31E}.Release|x64.Build.0 = Release|Any CPU
		{7E840711-C9EF-4802-9B31-95F7DD11B31E}.Release|x86.ActiveCfg = Release|Any CPU
		{7E840711-C9EF-4802-9B31-95F7DD11B31E}.Release|x86.Build.0 = Release|Any CPU
	EndGlobalSection
	GlobalSection(SolutionProperties) = preSolution
		HideSolutionNode = FALSE
	EndGlobalSection
	GlobalSection(NestedProjects) = preSolution
		{6AD1D310-64CD-431C-8F8E-5C1ECD90F13D} = {F3175183-A4C8-424B-9C7C-139DC7C3D163}
		{3C33FD9B-08B9-45C1-AEF4-03276DDD001B} = {F3175183-A4C8-424B-9C7C-139DC7C3D163}
		{BD014911-A423-4A20-827B-E8E46366F31D} = {F3175183-A4C8-424B-9C7C-139DC7C3D163}
		{A8D710B7-0DC8-4105-B3BE-040B61088F1B} = {82601B27-3D6A-4FE2-9F4C-EF2A23D6FC5D}
		{E9124B21-05A3-4636-9215-FBF80A3B7738} = {82601B27-3D6A-4FE2-9F4C-EF2A23D6FC5D}
		{C2FAA19C-C297-41FC-94C0-0E5638291008} = {82601B27-3D6A-4FE2-9F4C-EF2A23D6FC5D}
		{76F4228D-101D-43D8-A97A-19C691C18165} = {82601B27-3D6A-4FE2-9F4C-EF2A23D6FC5D}
		{489395FB-C54A-4B31-9A8F-AF61C2770DBC} = {019AF0F3-93DC-4E94-979F-3D6FF0552DC0}
		{4874DCB9-5AC2-45E0-B7CA-B801629978D3} = {019AF0F3-93DC-4E94-979F-3D6FF0552DC0}
		{9800CE44-1C9A-4EAF-9245-72C728E0DFFD} = {019AF0F3-93DC-4E94-979F-3D6FF0552DC0}
		{BBF6AE91-2E56-4539-889B-2F0B611B11AE} = {00C99A0D-7DB6-49C4-A687-ED64052A4417}
		{61AAE817-5665-45A5-8E25-ECE1C57C742F} = {F3175183-A4C8-424B-9C7C-139DC7C3D163}
		{7E840711-C9EF-4802-9B31-95F7DD11B31E} = {019AF0F3-93DC-4E94-979F-3D6FF0552DC0}
	EndGlobalSection
	GlobalSection(ExtensibilityGlobals) = postSolution
		SolutionGuid = {F1E9B68B-B873-4A0A-96C8-3F37C52837AC}
	EndGlobalSection
EndGlobal
