
Microsoft Visual Studio Solution File, Format Version 12.00
# Visual Studio Version 16
VisualStudioVersion = 16.0.29519.181
MinimumVisualStudioVersion = 10.0.40219.1
Project("{FAE04EC0-301F-11D3-BF4B-00C04F79EFBC}") = "Suyeong.Lib.DB.MsSql", "Suyeong.Lib.DB.MsSql\Suyeong.Lib.DB.MsSql.csproj", "{CFFAA8A2-0B60-4A9B-B79F-CBDC07EBBFB0}"
EndProject
Project("{FAE04EC0-301F-11D3-BF4B-00C04F79EFBC}") = "Suyeong.Lib.DB.MySql", "Suyeong.Lib.DB.MySql\Suyeong.Lib.DB.MySql.csproj", "{9783143C-261C-4755-B195-494F4F8B0B62}"
EndProject
Project("{FAE04EC0-301F-11D3-BF4B-00C04F79EFBC}") = "Suyeong.Lib.DB.Oracle", "Suyeong.Lib.DB.Oracle\Suyeong.Lib.DB.Oracle.csproj", "{13BF1146-A58A-43DE-972A-5ECA6E5E192B}"
EndProject
Project("{FAE04EC0-301F-11D3-BF4B-00C04F79EFBC}") = "Suyeong.Lib.DB.Sqlite", "Suyeong.Lib.DB.Sqlite\Suyeong.Lib.DB.Sqlite.csproj", "{D43F9D21-C430-403A-B7F0-E6A9DB21D51C}"
EndProject
Project("{FAE04EC0-301F-11D3-BF4B-00C04F79EFBC}") = "Suyeong.Lib.Net.Ftp", "Suyeong.Lib.Net.Ftp\Suyeong.Lib.Net.Ftp.csproj", "{D8203D3F-F4B7-4A3A-B9B3-57D3D29A6FDB}"
EndProject
Project("{FAE04EC0-301F-11D3-BF4B-00C04F79EFBC}") = "Suyeong.Lib.Net.Tcp", "Suyeong.Lib.Net.Tcp\Suyeong.Lib.Net.Tcp.csproj", "{BF537ACB-616B-44DC-AA2E-0B506B627F9A}"
EndProject
Project("{FAE04EC0-301F-11D3-BF4B-00C04F79EFBC}") = "Suyeong.Lib.Net.Udp", "Suyeong.Lib.Net.Udp\Suyeong.Lib.Net.Udp.csproj", "{D2170562-B5D4-4FD8-AE03-E8363440808D}"
EndProject
Project("{FAE04EC0-301F-11D3-BF4B-00C04F79EFBC}") = "Suyeong.Lib.Util", "Suyeong.Lib.Util\Suyeong.Lib.Util.csproj", "{F1049D81-A42A-4566-BEC3-10677A283009}"
EndProject
Project("{FAE04EC0-301F-11D3-BF4B-00C04F79EFBC}") = "Suyeong.Lib.Doc.ExcelInterop", "Suyeong.Lib.Doc.ExcelInterop\Suyeong.Lib.Doc.ExcelInterop.csproj", "{22628917-EE24-40C3-B6A3-96497A695859}"
EndProject
Project("{FAE04EC0-301F-11D3-BF4B-00C04F79EFBC}") = "Suyeong.Lib.Doc.ExcelOleDb", "Suyeong.Lib.Doc.ExcelOleDb\Suyeong.Lib.Doc.ExcelOleDb.csproj", "{4D7DAAD2-077E-48C5-B268-94D9812F04F4}"
EndProject
Project("{FAE04EC0-301F-11D3-BF4B-00C04F79EFBC}") = "Suyeong.Lib.Doc.PdfAcrobat", "Suyeong.Lib.Doc.PdfAcrobat\Suyeong.Lib.Doc.PdfAcrobat.csproj", "{B65C8B13-86FB-48EB-BC63-1CEE3C97336B}"
EndProject
Project("{FAE04EC0-301F-11D3-BF4B-00C04F79EFBC}") = "Suyeong.Lib.Doc.WordInterop", "Suyeong.Lib.Doc.WordInterop\Suyeong.Lib.Doc.WordInterop.csproj", "{E2167C70-746F-4E66-9FA6-B2E893E088FE}"
EndProject
Project("{FAE04EC0-301F-11D3-BF4B-00C04F79EFBC}") = "Suyeong.Lib.Text.Lemmatize", "Suyeong.Lib.Text.Lemmatize\Suyeong.Lib.Text.Lemmatize.csproj", "{B6A176B6-33B0-48E0-950C-C63F018BC7D5}"
EndProject
Project("{FAE04EC0-301F-11D3-BF4B-00C04F79EFBC}") = "Suyeong.Lib.OCR.Tesseract", "Suyeong.Lib.OCR.Tesseract\Suyeong.Lib.OCR.Tesseract.csproj", "{E7B8BBFE-5805-4041-A2A9-8D206126B573}"
EndProject
Project("{FAE04EC0-301F-11D3-BF4B-00C04F79EFBC}") = "Suyeong.Lib.GoogleVision.Translate", "Suyeong.Lib.GoogleVision.Translate\Suyeong.Lib.GoogleVision.Translate.csproj", "{14A11E75-BC6F-4E22-82C6-349988F142C1}"
EndProject
Project("{FAE04EC0-301F-11D3-BF4B-00C04F79EFBC}") = "Suyeong.Lib.GoogleVision.OCR", "Suyeong.Lib.GoogleVision.OCR\Suyeong.Lib.GoogleVision.OCR.csproj", "{BD0809A4-D983-443B-87A1-3B5A095716C1}"
EndProject
Project("{FAE04EC0-301F-11D3-BF4B-00C04F79EFBC}") = "Suyeong.Lib.Google.Translate", "Suyeong.Lib.Google.Translate\Suyeong.Lib.Google.Translate.csproj", "{165CF48A-F204-4DEC-B322-8A5E668660D3}"
EndProject
Project("{FAE04EC0-301F-11D3-BF4B-00C04F79EFBC}") = "Suyeong.Lib.Net.Lib", "Suyeong.Lib.Net.Lib\Suyeong.Lib.Net.Lib.csproj", "{BE90FC4C-35D6-4F6E-AD92-5F2063B92EC3}"
EndProject
Project("{FAE04EC0-301F-11D3-BF4B-00C04F79EFBC}") = "Suyeong.Lib.Doc.OpenXML", "Suyeong.Lib.Doc.OpenXML\Suyeong.Lib.Doc.OpenXML.csproj", "{F010B3CA-6E97-4513-92BB-CFAE760F0159}"
EndProject
Project("{2150E333-8FDC-42A3-9474-1A3956D46DE8}") = "Old", "Old", "{246CBB7D-EACD-459D-88D2-F78986709DAF}"
EndProject
Project("{FAE04EC0-301F-11D3-BF4B-00C04F79EFBC}") = "Suyeong.Lib.Type", "Suyeong.Lib.Type\Suyeong.Lib.Type.csproj", "{5D2438F2-2DF6-4837-B9BC-92F0C8A125C8}"
EndProject
Global
	GlobalSection(SolutionConfigurationPlatforms) = preSolution
		Debug|Any CPU = Debug|Any CPU
		Release|Any CPU = Release|Any CPU
	EndGlobalSection
	GlobalSection(ProjectConfigurationPlatforms) = postSolution
		{CFFAA8A2-0B60-4A9B-B79F-CBDC07EBBFB0}.Debug|Any CPU.ActiveCfg = Debug|Any CPU
		{CFFAA8A2-0B60-4A9B-B79F-CBDC07EBBFB0}.Debug|Any CPU.Build.0 = Debug|Any CPU
		{CFFAA8A2-0B60-4A9B-B79F-CBDC07EBBFB0}.Release|Any CPU.ActiveCfg = Release|Any CPU
		{CFFAA8A2-0B60-4A9B-B79F-CBDC07EBBFB0}.Release|Any CPU.Build.0 = Release|Any CPU
		{9783143C-261C-4755-B195-494F4F8B0B62}.Debug|Any CPU.ActiveCfg = Debug|Any CPU
		{9783143C-261C-4755-B195-494F4F8B0B62}.Debug|Any CPU.Build.0 = Debug|Any CPU
		{9783143C-261C-4755-B195-494F4F8B0B62}.Release|Any CPU.ActiveCfg = Release|Any CPU
		{9783143C-261C-4755-B195-494F4F8B0B62}.Release|Any CPU.Build.0 = Release|Any CPU
		{13BF1146-A58A-43DE-972A-5ECA6E5E192B}.Debug|Any CPU.ActiveCfg = Debug|Any CPU
		{13BF1146-A58A-43DE-972A-5ECA6E5E192B}.Debug|Any CPU.Build.0 = Debug|Any CPU
		{13BF1146-A58A-43DE-972A-5ECA6E5E192B}.Release|Any CPU.ActiveCfg = Release|Any CPU
		{13BF1146-A58A-43DE-972A-5ECA6E5E192B}.Release|Any CPU.Build.0 = Release|Any CPU
		{D43F9D21-C430-403A-B7F0-E6A9DB21D51C}.Debug|Any CPU.ActiveCfg = Debug|Any CPU
		{D43F9D21-C430-403A-B7F0-E6A9DB21D51C}.Debug|Any CPU.Build.0 = Debug|Any CPU
		{D43F9D21-C430-403A-B7F0-E6A9DB21D51C}.Release|Any CPU.ActiveCfg = Release|Any CPU
		{D43F9D21-C430-403A-B7F0-E6A9DB21D51C}.Release|Any CPU.Build.0 = Release|Any CPU
		{D8203D3F-F4B7-4A3A-B9B3-57D3D29A6FDB}.Debug|Any CPU.ActiveCfg = Debug|Any CPU
		{D8203D3F-F4B7-4A3A-B9B3-57D3D29A6FDB}.Debug|Any CPU.Build.0 = Debug|Any CPU
		{D8203D3F-F4B7-4A3A-B9B3-57D3D29A6FDB}.Release|Any CPU.ActiveCfg = Release|Any CPU
		{D8203D3F-F4B7-4A3A-B9B3-57D3D29A6FDB}.Release|Any CPU.Build.0 = Release|Any CPU
		{BF537ACB-616B-44DC-AA2E-0B506B627F9A}.Debug|Any CPU.ActiveCfg = Debug|Any CPU
		{BF537ACB-616B-44DC-AA2E-0B506B627F9A}.Debug|Any CPU.Build.0 = Debug|Any CPU
		{BF537ACB-616B-44DC-AA2E-0B506B627F9A}.Release|Any CPU.ActiveCfg = Release|Any CPU
		{BF537ACB-616B-44DC-AA2E-0B506B627F9A}.Release|Any CPU.Build.0 = Release|Any CPU
		{D2170562-B5D4-4FD8-AE03-E8363440808D}.Debug|Any CPU.ActiveCfg = Debug|Any CPU
		{D2170562-B5D4-4FD8-AE03-E8363440808D}.Debug|Any CPU.Build.0 = Debug|Any CPU
		{D2170562-B5D4-4FD8-AE03-E8363440808D}.Release|Any CPU.ActiveCfg = Release|Any CPU
		{D2170562-B5D4-4FD8-AE03-E8363440808D}.Release|Any CPU.Build.0 = Release|Any CPU
		{F1049D81-A42A-4566-BEC3-10677A283009}.Debug|Any CPU.ActiveCfg = Debug|Any CPU
		{F1049D81-A42A-4566-BEC3-10677A283009}.Debug|Any CPU.Build.0 = Debug|Any CPU
		{F1049D81-A42A-4566-BEC3-10677A283009}.Release|Any CPU.ActiveCfg = Release|Any CPU
		{F1049D81-A42A-4566-BEC3-10677A283009}.Release|Any CPU.Build.0 = Release|Any CPU
		{22628917-EE24-40C3-B6A3-96497A695859}.Debug|Any CPU.ActiveCfg = Debug|Any CPU
		{22628917-EE24-40C3-B6A3-96497A695859}.Debug|Any CPU.Build.0 = Debug|Any CPU
		{22628917-EE24-40C3-B6A3-96497A695859}.Release|Any CPU.ActiveCfg = Release|Any CPU
		{22628917-EE24-40C3-B6A3-96497A695859}.Release|Any CPU.Build.0 = Release|Any CPU
		{4D7DAAD2-077E-48C5-B268-94D9812F04F4}.Debug|Any CPU.ActiveCfg = Debug|Any CPU
		{4D7DAAD2-077E-48C5-B268-94D9812F04F4}.Debug|Any CPU.Build.0 = Debug|Any CPU
		{4D7DAAD2-077E-48C5-B268-94D9812F04F4}.Release|Any CPU.ActiveCfg = Release|Any CPU
		{4D7DAAD2-077E-48C5-B268-94D9812F04F4}.Release|Any CPU.Build.0 = Release|Any CPU
		{B65C8B13-86FB-48EB-BC63-1CEE3C97336B}.Debug|Any CPU.ActiveCfg = Debug|Any CPU
		{B65C8B13-86FB-48EB-BC63-1CEE3C97336B}.Debug|Any CPU.Build.0 = Debug|Any CPU
		{B65C8B13-86FB-48EB-BC63-1CEE3C97336B}.Release|Any CPU.ActiveCfg = Release|Any CPU
		{B65C8B13-86FB-48EB-BC63-1CEE3C97336B}.Release|Any CPU.Build.0 = Release|Any CPU
		{E2167C70-746F-4E66-9FA6-B2E893E088FE}.Debug|Any CPU.ActiveCfg = Debug|Any CPU
		{E2167C70-746F-4E66-9FA6-B2E893E088FE}.Debug|Any CPU.Build.0 = Debug|Any CPU
		{E2167C70-746F-4E66-9FA6-B2E893E088FE}.Release|Any CPU.ActiveCfg = Release|Any CPU
		{E2167C70-746F-4E66-9FA6-B2E893E088FE}.Release|Any CPU.Build.0 = Release|Any CPU
		{B6A176B6-33B0-48E0-950C-C63F018BC7D5}.Debug|Any CPU.ActiveCfg = Debug|Any CPU
		{B6A176B6-33B0-48E0-950C-C63F018BC7D5}.Debug|Any CPU.Build.0 = Debug|Any CPU
		{B6A176B6-33B0-48E0-950C-C63F018BC7D5}.Release|Any CPU.ActiveCfg = Release|Any CPU
		{B6A176B6-33B0-48E0-950C-C63F018BC7D5}.Release|Any CPU.Build.0 = Release|Any CPU
		{E7B8BBFE-5805-4041-A2A9-8D206126B573}.Debug|Any CPU.ActiveCfg = Debug|Any CPU
		{E7B8BBFE-5805-4041-A2A9-8D206126B573}.Debug|Any CPU.Build.0 = Debug|Any CPU
		{E7B8BBFE-5805-4041-A2A9-8D206126B573}.Release|Any CPU.ActiveCfg = Release|Any CPU
		{E7B8BBFE-5805-4041-A2A9-8D206126B573}.Release|Any CPU.Build.0 = Release|Any CPU
		{14A11E75-BC6F-4E22-82C6-349988F142C1}.Debug|Any CPU.ActiveCfg = Debug|Any CPU
		{14A11E75-BC6F-4E22-82C6-349988F142C1}.Debug|Any CPU.Build.0 = Debug|Any CPU
		{14A11E75-BC6F-4E22-82C6-349988F142C1}.Release|Any CPU.ActiveCfg = Release|Any CPU
		{14A11E75-BC6F-4E22-82C6-349988F142C1}.Release|Any CPU.Build.0 = Release|Any CPU
		{BD0809A4-D983-443B-87A1-3B5A095716C1}.Debug|Any CPU.ActiveCfg = Debug|Any CPU
		{BD0809A4-D983-443B-87A1-3B5A095716C1}.Debug|Any CPU.Build.0 = Debug|Any CPU
		{BD0809A4-D983-443B-87A1-3B5A095716C1}.Release|Any CPU.ActiveCfg = Release|Any CPU
		{BD0809A4-D983-443B-87A1-3B5A095716C1}.Release|Any CPU.Build.0 = Release|Any CPU
		{165CF48A-F204-4DEC-B322-8A5E668660D3}.Debug|Any CPU.ActiveCfg = Debug|Any CPU
		{165CF48A-F204-4DEC-B322-8A5E668660D3}.Debug|Any CPU.Build.0 = Debug|Any CPU
		{165CF48A-F204-4DEC-B322-8A5E668660D3}.Release|Any CPU.ActiveCfg = Release|Any CPU
		{165CF48A-F204-4DEC-B322-8A5E668660D3}.Release|Any CPU.Build.0 = Release|Any CPU
		{BE90FC4C-35D6-4F6E-AD92-5F2063B92EC3}.Debug|Any CPU.ActiveCfg = Debug|Any CPU
		{BE90FC4C-35D6-4F6E-AD92-5F2063B92EC3}.Debug|Any CPU.Build.0 = Debug|Any CPU
		{BE90FC4C-35D6-4F6E-AD92-5F2063B92EC3}.Release|Any CPU.ActiveCfg = Release|Any CPU
		{BE90FC4C-35D6-4F6E-AD92-5F2063B92EC3}.Release|Any CPU.Build.0 = Release|Any CPU
		{F010B3CA-6E97-4513-92BB-CFAE760F0159}.Debug|Any CPU.ActiveCfg = Debug|Any CPU
		{F010B3CA-6E97-4513-92BB-CFAE760F0159}.Debug|Any CPU.Build.0 = Debug|Any CPU
		{F010B3CA-6E97-4513-92BB-CFAE760F0159}.Release|Any CPU.ActiveCfg = Release|Any CPU
		{F010B3CA-6E97-4513-92BB-CFAE760F0159}.Release|Any CPU.Build.0 = Release|Any CPU
		{5D2438F2-2DF6-4837-B9BC-92F0C8A125C8}.Debug|Any CPU.ActiveCfg = Debug|Any CPU
		{5D2438F2-2DF6-4837-B9BC-92F0C8A125C8}.Debug|Any CPU.Build.0 = Debug|Any CPU
		{5D2438F2-2DF6-4837-B9BC-92F0C8A125C8}.Release|Any CPU.ActiveCfg = Release|Any CPU
		{5D2438F2-2DF6-4837-B9BC-92F0C8A125C8}.Release|Any CPU.Build.0 = Release|Any CPU
	EndGlobalSection
	GlobalSection(SolutionProperties) = preSolution
		HideSolutionNode = FALSE
	EndGlobalSection
	GlobalSection(NestedProjects) = preSolution
		{22628917-EE24-40C3-B6A3-96497A695859} = {246CBB7D-EACD-459D-88D2-F78986709DAF}
		{4D7DAAD2-077E-48C5-B268-94D9812F04F4} = {246CBB7D-EACD-459D-88D2-F78986709DAF}
		{E2167C70-746F-4E66-9FA6-B2E893E088FE} = {246CBB7D-EACD-459D-88D2-F78986709DAF}
		{E7B8BBFE-5805-4041-A2A9-8D206126B573} = {246CBB7D-EACD-459D-88D2-F78986709DAF}
	EndGlobalSection
	GlobalSection(ExtensibilityGlobals) = postSolution
		SolutionGuid = {8CA1ED83-D11C-400E-8059-36E3E768C3B7}
	EndGlobalSection
EndGlobal
